# THIS IS AN AUTOGENERATED FILE. DO NOT EDIT THIS FILE DIRECTLY.
# yarn lockfile v1


"@pokusew/pcsclite@^0.4.18":
  version "0.4.18"
  resolved "https://registry.yarnpkg.com/@pokusew/pcsclite/-/pcsclite-0.4.18.tgz#1dcc30896078a94fb9186fc1d35ad622e5bb988f"
  integrity sha1-HcwwiWB4qU+5GG/B01rWIuW7mI8=
  dependencies:
    bindings "^1.3.0"
    nan "^2.7.0"

"@types/jszip@^3.1.6":
  version "3.1.6"
  resolved "https://registry.yarnpkg.com/@types/jszip/-/jszip-3.1.6.tgz#0512574a2b35f3194b41769c56e4b35065e67000"
  integrity sha512-m8uFcI+O2EupCfbEVQWsBM/4nhbegjOHL7cQgBpM95FeF98kdFJXzy9/8yhx4b3lCRl/gMBhcvyh30Qt3X+XPQ==
  dependencies:
    "@types/node" "*"

"@types/node@*", "@types/node@^12.0.10":
  version "12.0.10"
  resolved "https://registry.yarnpkg.com/@types/node/-/node-12.0.10.tgz#51babf9c7deadd5343620055fc8aff7995c8b031"
  integrity sha512-LcsGbPomWsad6wmMNv7nBLw7YYYyfdYcz6xryKYQhx89c3XXan+8Q6AJ43G5XDIaklaVkK3mE4fCb0SBvMiPSQ==

arg@^4.1.0:
  version "4.1.0"
  resolved "https://registry.yarnpkg.com/arg/-/arg-4.1.0.tgz#583c518199419e0037abb74062c37f8519e575f0"
  integrity sha512-ZWc51jO3qegGkVh8Hwpv636EkbesNV5ZNQPCtRa+0qytRYPEs9IYT9qITY9buezqUH5uqyzlWLcufrzU2rffdg==

bindings@^1.3.0:
  version "1.5.0"
  resolved "https://registry.yarnpkg.com/bindings/-/bindings-1.5.0.tgz#10353c9e945334bc0511a6d90b38fbc7c9c504df"
  integrity sha512-p2q/t/mhvuOj/UeLlV6566GD/guowlr0hHxClI0W9m7MWYkL1F0hLo+0Aexs9HSPCtR1SXQ0TD3MMKrXZajbiQ==
  dependencies:
    file-uri-to-path "1.0.0"

buffer-from@^1.0.0:
  version "1.1.1"
  resolved "https://registry.yarnpkg.com/buffer-from/-/buffer-from-1.1.1.tgz#32713bc028f75c02fdb710d7c7bcec1f2c6070ef"
  integrity sha512-MQcXEUbCKtEo7bhqEs6560Hyd4XaovZlO/k9V3hjVUF/zwW7KBVdSK4gIt/bzwS9MbR5qob+F5jusZsb0YQK2A==

core-util-is@~1.0.0:
  version "1.0.2"
  resolved "https://registry.yarnpkg.com/core-util-is/-/core-util-is-1.0.2.tgz#b5fd54220aa2bc5ab57aab7140c940754503c1a7"
  integrity sha1-tf1UIgqivFq1eqtxQMlAdUUDwac=

diff@^4.0.1:
  version "4.0.1"
  resolved "https://registry.yarnpkg.com/diff/-/diff-4.0.1.tgz#0c667cb467ebbb5cea7f14f135cc2dba7780a8ff"
  integrity sha512-s2+XdvhPCOF01LRQBC8hf4vhbVmI2CGS5aZnxLJlT5FtdhPCDFq80q++zK2KlrVorVDdL5BOGZ/VfLrVtYNF+Q==

file-uri-to-path@1.0.0:
  version "1.0.0"
  resolved "https://registry.yarnpkg.com/file-uri-to-path/-/file-uri-to-path-1.0.0.tgz#553a7b8446ff6f684359c445f1e37a05dacc33dd"
  integrity sha512-0Zt+s3L7Vf1biwWZ29aARiVYLx7iMGnEUl9x33fbB/j3jR81u/O2LbqK+Bm1CDSNDKVtJ/YjwY7TUd5SkeLQLw==

hexify@^1.0.1:
  version "1.0.1"
  resolved "https://registry.yarnpkg.com/hexify/-/hexify-1.0.1.tgz#543ce171628769c21138092764ad8d904b69f2e1"
  integrity sha1-VDzhcWKHacIROAknZK2NkEtp8uE=

immediate@~3.0.5:
  version "3.0.6"
  resolved "https://registry.yarnpkg.com/immediate/-/immediate-3.0.6.tgz#9db1dbd0faf8de6fbe0f5dd5e56bb606280de69b"
  integrity sha1-nbHb0Pr43m++D13V5Wu2BigN5ps=

inherits@~2.0.3:
  version "2.0.4"
  resolved "https://registry.yarnpkg.com/inherits/-/inherits-2.0.4.tgz#0fa2c64f932917c3433a0ded55363aae37416b7c"
  integrity sha512-k/vGaX4/Yla3WzyMCvTQOXYeIHvqOKtnqBduzTHpzpQZzAskKMhZ2K+EnBiSM9zGSoIFeMpXKxa4dYeZIQqewQ==

isarray@~1.0.0:
  version "1.0.0"
  resolved "https://registry.yarnpkg.com/isarray/-/isarray-1.0.0.tgz#bb935d48582cba168c06834957a54a3e07124f11"
  integrity sha1-u5NdSFgsuhaMBoNJV6VKPgcSTxE=

jszip@^3.2.1:
  version "3.2.1"
  resolved "https://registry.yarnpkg.com/jszip/-/jszip-3.2.1.tgz#c5d32df7274042282b157efb16e522b43435e01a"
  integrity sha512-iCMBbo4eE5rb1VCpm5qXOAaUiRKRUKiItn8ah2YQQx9qymmSAY98eyQfioChEYcVQLh0zxJ3wS4A0mh90AVPvw==
  dependencies:
    lie "~3.3.0"
    pako "~1.0.2"
    readable-stream "~2.3.6"
    set-immediate-shim "~1.0.1"

lie@~3.3.0:
  version "3.3.0"
  resolved "https://registry.yarnpkg.com/lie/-/lie-3.3.0.tgz#dcf82dee545f46074daf200c7c1c5a08e0f40f6a"
  integrity sha512-UaiMJzeWRlEujzAuw5LokY1L5ecNQYZKfmyZ9L7wDHb/p5etKaxXhohBcrw0EYby+G/NA52vRSN4N39dxHAIwQ==
  dependencies:
    immediate "~3.0.5"

make-error@^1.1.1:
  version "1.3.5"
  resolved "https://registry.yarnpkg.com/make-error/-/make-error-1.3.5.tgz#efe4e81f6db28cadd605c70f29c831b58ef776c8"
  integrity sha512-c3sIjNUow0+8swNwVpqoH4YCShKNFkMaw6oH1mNS2haDZQqkeZFlHS3dhoeEbKKmJB4vXpJucU6oH75aDYeE9g==

nan@^2.7.0:
  version "2.14.0"
  resolved "https://registry.yarnpkg.com/nan/-/nan-2.14.0.tgz#7818f722027b2459a86f0295d434d1fc2336c52c"
  integrity sha512-INOFj37C7k3AfaNTtX8RhsTw7qRy7eLET14cROi9+5HAVbbHuIWUHEauBv5qT4Av2tWasiTY1Jw6puUNqRJXQg==

pako@~1.0.2:
  version "1.0.10"
  resolved "https://registry.yarnpkg.com/pako/-/pako-1.0.10.tgz#4328badb5086a426aa90f541977d4955da5c9732"
  integrity sha512-0DTvPVU3ed8+HNXOu5Bs+o//Mbdj9VNQMUOe9oKCwh8l0GNwpTDMKCWbRjgtD291AWnkAgkqA/LOnQS8AmS1tw==

process-nextick-args@~2.0.0:
  version "2.0.1"
  resolved "https://registry.yarnpkg.com/process-nextick-args/-/process-nextick-args-2.0.1.tgz#7820d9b16120cc55ca9ae7792680ae7dba6d7fe2"
  integrity sha512-3ouUOpQhtgrbOa17J7+uxOTpITYWaGP7/AhoR3+A+/1e9skrzelGi/dXzEYyvbxubEF6Wn2ypscTKiKJFFn1ag==

readable-stream@~2.3.6:
  version "2.3.6"
  resolved "https://registry.yarnpkg.com/readable-stream/-/readable-stream-2.3.6.tgz#b11c27d88b8ff1fbe070643cf94b0c79ae1b0aaf"
  integrity sha512-tQtKA9WIAhBF3+VLAseyMqZeBjW0AHJoxOtYqSUZNJxauErmLbVm2FW1y+J/YA9dUrAC39ITejlZWhVIwawkKw==
  dependencies:
    core-util-is "~1.0.0"
    inherits "~2.0.3"
    isarray "~1.0.0"
    process-nextick-args "~2.0.0"
    safe-buffer "~5.1.1"
    string_decoder "~1.1.1"
    util-deprecate "~1.0.1"

safe-buffer@~5.1.0, safe-buffer@~5.1.1:
  version "5.1.2"
  resolved "https://registry.yarnpkg.com/safe-buffer/-/safe-buffer-5.1.2.tgz#991ec69d296e0313747d59bdfd2b745c35f8828d"
  integrity sha512-Gd2UZBJDkXlY7GbJxfsE8/nvKkUEU1G38c1siN6QP6a9PT9MmHB8GnpscSmMJSoF8LOIrt8ud/wPtojys4G6+g==

set-immediate-shim@~1.0.1:
  version "1.0.1"
  resolved "https://registry.yarnpkg.com/set-immediate-shim/-/set-immediate-shim-1.0.1.tgz#4b2b1b27eb808a9f8dcc481a58e5e56f599f3f61"
  integrity sha1-SysbJ+uAip+NzEgaWOXlb1mfP2E=

smartcard@^1.0.29:
  version "1.0.29"
  resolved "https://registry.yarnpkg.com/smartcard/-/smartcard-1.0.29.tgz#54df096d94d7c474adc0596078c892bcc656497e"
  integrity sha512-ju0y+FqhYRVGEjMFceydMQQbE9Wt4B4OjoMyMD59hA3wvwwcdsDrdcP1kDPAYKFQn4gKndiwNLaCJEKDIZdPUg==
  dependencies:
    "@pokusew/pcsclite" "^0.4.18"
    hexify "^1.0.1"

source-map-support@^0.5.6:
  version "0.5.12"
  resolved "https://registry.yarnpkg.com/source-map-support/-/source-map-support-0.5.12.tgz#b4f3b10d51857a5af0138d3ce8003b201613d599"
  integrity sha512-4h2Pbvyy15EE02G+JOZpUCmqWJuqrs+sEkzewTm++BPi7Hvn/HwcqLAcNxYAyI0x13CpPPn+kMjl+hplXMHITQ==
  dependencies:
    buffer-from "^1.0.0"
    source-map "^0.6.0"

source-map@^0.6.0:
  version "0.6.1"
  resolved "https://registry.yarnpkg.com/source-map/-/source-map-0.6.1.tgz#74722af32e9614e9c287a8d0bbde48b5e2f1a263"
  integrity sha512-UjgapumWlbMhkBgzT7Ykc5YXUT46F0iKu8SGXq0bcwP5dz/h0Plj6enJqjz1Zbq2l5WaqYnrVbwWOWMyF3F47g==

string_decoder@~1.1.1:
  version "1.1.1"
  resolved "https://registry.yarnpkg.com/string_decoder/-/string_decoder-1.1.1.tgz#9cf1611ba62685d7030ae9e4ba34149c3af03fc8"
  integrity sha512-n/ShnvDi6FHbbVfviro+WojiFzv+s8MPMHBczVePfUpDJLwoLT0ht1l4YwBCbi8pJAveEEdnkHyPyTP/mzRfwg==
  dependencies:
    safe-buffer "~5.1.0"

ts-node@^8.3.0:
  version "8.3.0"
  resolved "https://registry.yarnpkg.com/ts-node/-/ts-node-8.3.0.tgz#e4059618411371924a1fb5f3b125915f324efb57"
  integrity sha512-dyNS/RqyVTDcmNM4NIBAeDMpsAdaQ+ojdf0GOLqE6nwJOgzEkdRNzJywhDfwnuvB10oa6NLVG1rUJQCpRN7qoQ==
  dependencies:
    arg "^4.1.0"
    diff "^4.0.1"
    make-error "^1.1.1"
    source-map-support "^0.5.6"
    yn "^3.0.0"

typescript@^3.5.2:
  version "3.5.2"
  resolved "https://registry.yarnpkg.com/typescript/-/typescript-3.5.2.tgz#a09e1dc69bc9551cadf17dba10ee42cf55e5d56c"
  integrity sha512-7KxJovlYhTX5RaRbUdkAXN1KUZ8PwWlTzQdHV6xNqvuFOs7+WBo10TQUqT19Q/Jz2hk5v9TQDIhyLhhJY4p5AA==

util-deprecate@~1.0.1:
  version "1.0.2"
  resolved "https://registry.yarnpkg.com/util-deprecate/-/util-deprecate-1.0.2.tgz#450d4dc9fa70de732762fbd2d4a28981419a0ccf"
  integrity sha1-RQ1Nyfpw3nMnYvvS1KKJgUGaDM8=

yn@^3.0.0:
  version "3.1.0"
  resolved "https://registry.yarnpkg.com/yn/-/yn-3.1.0.tgz#fcbe2db63610361afcc5eb9e0ac91e976d046114"
  integrity sha512-kKfnnYkbTfrAdd0xICNFw7Atm8nKpLcLv9AZGEt+kczL/WQVai4e2V6ZN8U/O+iI6WrNuJjNNOyu4zfhl9D3Hg==
